// !$*UTF8*$!
{
	archiveVersion = 1;
	classes = {
	};
	objectVersion = 77;
	objects = {

/* Begin PBXBuildFile section */
		5442C4F42DDECABD0072D0F0 /* FirebaseAnalytics in Frameworks */ = {isa = PBXBuildFile; productRef = 5442C4F32DDECABD0072D0F0 /* FirebaseAnalytics */; };
		5442C4F62DDECABD0072D0F0 /* FirebaseAppCheck in Frameworks */ = {isa = PBXBuildFile; productRef = 5442C4F52DDECABD0072D0F0 /* FirebaseAppCheck */; };
		5442C4F82DDECABD0072D0F0 /* FirebaseAuth in Frameworks */ = {isa = PBXBuildFile; productRef = 5442C4F72DDECABD0072D0F0 /* FirebaseAuth */; };
		5442C4FA2DDECABD0072D0F0 /* FirebaseCore in Frameworks */ = {isa = PBXBuildFile; productRef = 5442C4F92DDECABD0072D0F0 /* FirebaseCore */; };
		5442C4FC2DDECABD0072D0F0 /* FirebaseDatabase in Frameworks */ = {isa = PBXBuildFile; productRef = 5442C4FB2DDECABD0072D0F0 /* FirebaseDatabase */; };
/* End PBXBuildFile section */

/* Begin PBXContainerItemProxy section */
		3FDD96B92DDEBD3B005D2E16 /* PBXContainerItemProxy */ = {
			isa = PBXContainerItemProxy;
			containerPortal = 3FDD96A02DDEBD3A005D2E16 /* Project object */;
			proxyType = 1;
			remoteGlobalIDString = 3FDD96A72DDEBD3A005D2E16;
			remoteInfo = "S4-MAD-ALP";
		};
		3FDD96C32DDEBD3B005D2E16 /* PBXContainerItemProxy */ = {
			isa = PBXContainerItemProxy;
			containerPortal = 3FDD96A02DDEBD3A005D2E16 /* Project object */;
			proxyType = 1;
			remoteGlobalIDString = 3FDD96A72DDEBD3A005D2E16;
			remoteInfo = "S4-MAD-ALP";
		};
/* End PBXContainerItemProxy section */

/* Begin PBXFileReference section */
		3FDD96A82DDEBD3A005D2E16 /* S4-MAD-ALP.app */ = {isa = PBXFileReference; explicitFileType = wrapper.application; includeInIndex = 0; path = "S4-MAD-ALP.app"; sourceTree = BUILT_PRODUCTS_DIR; };
		3FDD96B82DDEBD3B005D2E16 /* S4-MAD-ALPTests.xctest */ = {isa = PBXFileReference; explicitFileType = wrapper.cfbundle; includeInIndex = 0; path = "S4-MAD-ALPTests.xctest"; sourceTree = BUILT_PRODUCTS_DIR; };
		3FDD96C22DDEBD3B005D2E16 /* S4-MAD-ALPUITests.xctest */ = {isa = PBXFileReference; explicitFileType = wrapper.cfbundle; includeInIndex = 0; path = "S4-MAD-ALPUITests.xctest"; sourceTree = BUILT_PRODUCTS_DIR; };
/* End PBXFileReference section */

/* Begin PBXFileSystemSynchronizedRootGroup section */
		3FDD96AA2DDEBD3A005D2E16 /* S4-MAD-ALP */ = {
			isa = PBXFileSystemSynchronizedRootGroup;
			path = "S4-MAD-ALP";
			sourceTree = "<group>";
		};
		3FDD96BB2DDEBD3B005D2E16 /* S4-MAD-ALPTests */ = {
			isa = PBXFileSystemSynchronizedRootGroup;
			path = "S4-MAD-ALPTests";
			sourceTree = "<group>";
		};
		3FDD96C52DDEBD3B005D2E16 /* S4-MAD-ALPUITests */ = {
			isa = PBXFileSystemSynchronizedRootGroup;
			path = "S4-MAD-ALPUITests";
			sourceTree = "<group>";
		};
/* End PBXFileSystemSynchronizedRootGroup section */

/* Begin PBXFrameworksBuildPhase section */
		3FDD96A52DDEBD3A005D2E16 /* Frameworks */ = {
			isa = PBXFrameworksBuildPhase;
			buildActionMask = 2147483647;
			files = (
				5442C4FC2DDECABD0072D0F0 /* FirebaseDatabase in Frameworks */,
				5442C4F62DDECABD0072D0F0 /* FirebaseAppCheck in Frameworks */,
				5442C4F82DDECABD0072D0F0 /* FirebaseAuth in Frameworks */,
				5442C4FA2DDECABD0072D0F0 /* FirebaseCore in Frameworks */,
				5442C4F42DDECABD0072D0F0 /* FirebaseAnalytics in Frameworks */,
			);
			runOnlyForDeploymentPostprocessing = 0;
		};
		3FDD96B52DDEBD3B005D2E16 /* Frameworks */ = {
			isa = PBXFrameworksBuildPhase;
			buildActionMask = 2147483647;
			files = (
			);
			runOnlyForDeploymentPostprocessing = 0;
		};
		3FDD96BF2DDEBD3B005D2E16 /* Frameworks */ = {
			isa = PBXFrameworksBuildPhase;
			buildActionMask = 2147483647;
			files = (
			);
			runOnlyForDeploymentPostprocessing = 0;
		};
/* End PBXFrameworksBuildPhase section */

/* Begin PBXGroup section */
		3FDD969F2DDEBD3A005D2E16 = {
			isa = PBXGroup;
			children = (
				3FDD96AA2DDEBD3A005D2E16 /* S4-MAD-ALP */,
				3FDD96BB2DDEBD3B005D2E16 /* S4-MAD-ALPTests */,
				3FDD96C52DDEBD3B005D2E16 /* S4-MAD-ALPUITests */,
				3FDD96A92DDEBD3A005D2E16 /* Products */,
			);
			sourceTree = "<group>";
		};
		3FDD96A92DDEBD3A005D2E16 /* Products */ = {
			isa = PBXGroup;
			children = (
				3FDD96A82DDEBD3A005D2E16 /* S4-MAD-ALP.app */,
				3FDD96B82DDEBD3B005D2E16 /* S4-MAD-ALPTests.xctest */,
				3FDD96C22DDEBD3B005D2E16 /* S4-MAD-ALPUITests.xctest */,
			);
			name = Products;
			sourceTree = "<group>";
		};
/* End PBXGroup section */

/* Begin PBXNativeTarget section */
		3FDD96A72DDEBD3A005D2E16 /* S4-MAD-ALP */ = {
			isa = PBXNativeTarget;
			buildConfigurationList = 3FDD96CC2DDEBD3B005D2E16 /* Build configuration list for PBXNativeTarget "S4-MAD-ALP" */;
			buildPhases = (
				3FDD96A42DDEBD3A005D2E16 /* Sources */,
				3FDD96A52DDEBD3A005D2E16 /* Frameworks */,
				3FDD96A62DDEBD3A005D2E16 /* Resources */,
			);
			buildRules = (
			);
			dependencies = (
			);
			fileSystemSynchronizedGroups = (
				3FDD96AA2DDEBD3A005D2E16 /* S4-MAD-ALP */,
			);
			name = "S4-MAD-ALP";
			packageProductDependencies = (
				5442C4F32DDECABD0072D0F0 /* FirebaseAnalytics */,
				5442C4F52DDECABD0072D0F0 /* FirebaseAppCheck */,
				5442C4F72DDECABD0072D0F0 /* FirebaseAuth */,
				5442C4F92DDECABD0072D0F0 /* FirebaseCore */,
				5442C4FB2DDECABD0072D0F0 /* FirebaseDatabase */,
			);
			productName = "S4-MAD-ALP";
			productReference = 3FDD96A82DDEBD3A005D2E16 /* S4-MAD-ALP.app */;
			productType = "com.apple.product-type.application";
		};
		3FDD96B72DDEBD3B005D2E16 /* S4-MAD-ALPTests */ = {
			isa = PBXNativeTarget;
			buildConfigurationList = 3FDD96CF2DDEBD3B005D2E16 /* Build configuration list for PBXNativeTarget "S4-MAD-ALPTests" */;
			buildPhases = (
				3FDD96B42DDEBD3B005D2E16 /* Sources */,
				3FDD96B52DDEBD3B005D2E16 /* Frameworks */,
				3FDD96B62DDEBD3B005D2E16 /* Resources */,
			);
			buildRules = (
			);
			dependencies = (
				3FDD96BA2DDEBD3B005D2E16 /* PBXTargetDependency */,
			);
			fileSystemSynchronizedGroups = (
				3FDD96BB2DDEBD3B005D2E16 /* S4-MAD-ALPTests */,
			);
			name = "S4-MAD-ALPTests";
			packageProductDependencies = (
			);
			productName = "S4-MAD-ALPTests";
			productReference = 3FDD96B82DDEBD3B005D2E16 /* S4-MAD-ALPTests.xctest */;
			productType = "com.apple.product-type.bundle.unit-test";
		};
		3FDD96C12DDEBD3B005D2E16 /* S4-MAD-ALPUITests */ = {
			isa = PBXNativeTarget;
			buildConfigurationList = 3FDD96D22DDEBD3B005D2E16 /* Build configuration list for PBXNativeTarget "S4-MAD-ALPUITests" */;
			buildPhases = (
				3FDD96BE2DDEBD3B005D2E16 /* Sources */,
				3FDD96BF2DDEBD3B005D2E16 /* Frameworks */,
				3FDD96C02DDEBD3B005D2E16 /* Resources */,
			);
			buildRules = (
			);
			dependencies = (
				3FDD96C42DDEBD3B005D2E16 /* PBXTargetDependency */,
			);
			fileSystemSynchronizedGroups = (
				3FDD96C52DDEBD3B005D2E16 /* S4-MAD-ALPUITests */,
			);
			name = "S4-MAD-ALPUITests";
			packageProductDependencies = (
			);
			productName = "S4-MAD-ALPUITests";
			productReference = 3FDD96C22DDEBD3B005D2E16 /* S4-MAD-ALPUITests.xctest */;
			productType = "com.apple.product-type.bundle.ui-testing";
		};
/* End PBXNativeTarget section */

/* Begin PBXProject section */
		3FDD96A02DDEBD3A005D2E16 /* Project object */ = {
			isa = PBXProject;
			attributes = {
				BuildIndependentTargetsInParallel = 1;
				LastSwiftUpdateCheck = 1620;
				LastUpgradeCheck = 1620;
				TargetAttributes = {
					3FDD96A72DDEBD3A005D2E16 = {
						CreatedOnToolsVersion = 16.2;
					};
					3FDD96B72DDEBD3B005D2E16 = {
						CreatedOnToolsVersion = 16.2;
						TestTargetID = 3FDD96A72DDEBD3A005D2E16;
					};
					3FDD96C12DDEBD3B005D2E16 = {
						CreatedOnToolsVersion = 16.2;
						TestTargetID = 3FDD96A72DDEBD3A005D2E16;
					};
				};
			};
			buildConfigurationList = 3FDD96A32DDEBD3A005D2E16 /* Build configuration list for PBXProject "S4-MAD-ALP" */;
			developmentRegion = en;
			hasScannedForEncodings = 0;
			knownRegions = (
				en,
				Base,
			);
			mainGroup = 3FDD969F2DDEBD3A005D2E16;
			minimizedProjectReferenceProxies = 1;
			packageReferences = (
				5442C4F22DDECABD0072D0F0 /* XCRemoteSwiftPackageReference "firebase-ios-sdk" */,
			);
			preferredProjectObjectVersion = 77;
			productRefGroup = 3FDD96A92DDEBD3A005D2E16 /* Products */;
			projectDirPath = "";
			projectRoot = "";
			targets = (
				3FDD96A72DDEBD3A005D2E16 /* S4-MAD-ALP */,
				3FDD96B72DDEBD3B005D2E16 /* S4-MAD-ALPTests */,
				3FDD96C12DDEBD3B005D2E16 /* S4-MAD-ALPUITests */,
			);
		};
/* End PBXProject section */

/* Begin PBXResourcesBuildPhase section */
		3FDD96A62DDEBD3A005D2E16 /* Resources */ = {
			isa = PBXResourcesBuildPhase;
			buildActionMask = 2147483647;
			files = (
			);
			runOnlyForDeploymentPostprocessing = 0;
		};
		3FDD96B62DDEBD3B005D2E16 /* Resources */ = {
			isa = PBXResourcesBuildPhase;
			buildActionMask = 2147483647;
			files = (
			);
			runOnlyForDeploymentPostprocessing = 0;
		};
		3FDD96C02DDEBD3B005D2E16 /* Resources */ = {
			isa = PBXResourcesBuildPhase;
			buildActionMask = 2147483647;
			files = (
			);
			runOnlyForDeploymentPostprocessing = 0;
		};
/* End PBXResourcesBuildPhase section */

/* Begin PBXSourcesBuildPhase section */
		3FDD96A42DDEBD3A005D2E16 /* Sources */ = {
			isa = PBXSourcesBuildPhase;
			buildActionMask = 2147483647;
			files = (
			);
			runOnlyForDeploymentPostprocessing = 0;
		};
		3FDD96B42DDEBD3B005D2E16 /* Sources */ = {
			isa = PBXSourcesBuildPhase;
			buildActionMask = 2147483647;
			files = (
			);
			runOnlyForDeploymentPostprocessing = 0;
		};
		3FDD96BE2DDEBD3B005D2E16 /* Sources */ = {
			isa = PBXSourcesBuildPhase;
			buildActionMask = 2147483647;
			files = (
			);
			runOnlyForDeploymentPostprocessing = 0;
		};
/* End PBXSourcesBuildPhase section */

/* Begin PBXTargetDependency section */
		3FDD96BA2DDEBD3B005D2E16 /* PBXTargetDependency */ = {
			isa = PBXTargetDependency;
			target = 3FDD96A72DDEBD3A005D2E16 /* S4-MAD-ALP */;
			targetProxy = 3FDD96B92DDEBD3B005D2E16 /* PBXContainerItemProxy */;
		};
		3FDD96C42DDEBD3B005D2E16 /* PBXTargetDependency */ = {
			isa = PBXTargetDependency;
			target = 3FDD96A72DDEBD3A005D2E16 /* S4-MAD-ALP */;
			targetProxy = 3FDD96C32DDEBD3B005D2E16 /* PBXContainerItemProxy */;
		};
/* End PBXTargetDependency section */

/* Begin XCBuildConfiguration section */
		3FDD96CA2DDEBD3B005D2E16 /* Debug */ = {
			isa = XCBuildConfiguration;
			buildSettings = {
				ALWAYS_SEARCH_USER_PATHS = NO;
				ASSETCATALOG_COMPILER_GENERATE_SWIFT_ASSET_SYMBOL_EXTENSIONS = YES;
				CLANG_ANALYZER_NONNULL = YES;
				CLANG_ANALYZER_NUMBER_OBJECT_CONVERSION = YES_AGGRESSIVE;
				CLANG_CXX_LANGUAGE_STANDARD = "gnu++20";
				CLANG_ENABLE_MODULES = YES;
				CLANG_ENABLE_OBJC_ARC = YES;
				CLANG_ENABLE_OBJC_WEAK = YES;
				CLANG_WARN_BLOCK_CAPTURE_AUTORELEASING = YES;
				CLANG_WARN_BOOL_CONVERSION = YES;
				CLANG_WARN_COMMA = YES;
				CLANG_WARN_CONSTANT_CONVERSION = YES;
				CLANG_WARN_DEPRECATED_OBJC_IMPLEMENTATIONS = YES;
				CLANG_WARN_DIRECT_OBJC_ISA_USAGE = YES_ERROR;
				CLANG_WARN_DOCUMENTATION_COMMENTS = YES;
				CLANG_WARN_EMPTY_BODY = YES;
				CLANG_WARN_ENUM_CONVERSION = YES;
				CLANG_WARN_INFINITE_RECURSION = YES;
				CLANG_WARN_INT_CONVERSION = YES;
				CLANG_WARN_NON_LITERAL_NULL_CONVERSION = YES;
				CLANG_WARN_OBJC_IMPLICIT_RETAIN_SELF = YES;
				CLANG_WARN_OBJC_LITERAL_CONVERSION = YES;
				CLANG_WARN_OBJC_ROOT_CLASS = YES_ERROR;
				CLANG_WARN_QUOTED_INCLUDE_IN_FRAMEWORK_HEADER = YES;
				CLANG_WARN_RANGE_LOOP_ANALYSIS = YES;
				CLANG_WARN_STRICT_PROTOTYPES = YES;
				CLANG_WARN_SUSPICIOUS_MOVE = YES;
				CLANG_WARN_UNGUARDED_AVAILABILITY = YES_AGGRESSIVE;
				CLANG_WARN_UNREACHABLE_CODE = YES;
				CLANG_WARN__DUPLICATE_METHOD_MATCH = YES;
				COPY_PHASE_STRIP = NO;
				DEBUG_INFORMATION_FORMAT = dwarf;
				ENABLE_STRICT_OBJC_MSGSEND = YES;
				ENABLE_TESTABILITY = YES;
				ENABLE_USER_SCRIPT_SANDBOXING = YES;
				GCC_C_LANGUAGE_STANDARD = gnu17;
				GCC_DYNAMIC_NO_PIC = NO;
				GCC_NO_COMMON_BLOCKS = YES;
				GCC_OPTIMIZATION_LEVEL = 0;
				GCC_PREPROCESSOR_DEFINITIONS = (
					"DEBUG=1",
					"$(inherited)",
				);
				GCC_WARN_64_TO_32_BIT_CONVERSION = YES;
				GCC_WARN_ABOUT_RETURN_TYPE = YES_ERROR;
				GCC_WARN_UNDECLARED_SELECTOR = YES;
				GCC_WARN_UNINITIALIZED_AUTOS = YES_AGGRESSIVE;
				GCC_WARN_UNUSED_FUNCTION = YES;
				GCC_WARN_UNUSED_VARIABLE = YES;
				IPHONEOS_DEPLOYMENT_TARGET = 18.2;
				LOCALIZATION_PREFERS_STRING_CATALOGS = YES;
				MTL_ENABLE_DEBUG_INFO = INCLUDE_SOURCE;
				MTL_FAST_MATH = YES;
				ONLY_ACTIVE_ARCH = YES;
				SDKROOT = iphoneos;
				SWIFT_ACTIVE_COMPILATION_CONDITIONS = "DEBUG $(inherited)";
				SWIFT_OPTIMIZATION_LEVEL = "-Onone";
			};
			name = Debug;
		};
		3FDD96CB2DDEBD3B005D2E16 /* Release */ = {
			isa = XCBuildConfiguration;
			buildSettings = {
				ALWAYS_SEARCH_USER_PATHS = NO;
				ASSETCATALOG_COMPILER_GENERATE_SWIFT_ASSET_SYMBOL_EXTENSIONS = YES;
				CLANG_ANALYZER_NONNULL = YES;
				CLANG_ANALYZER_NUMBER_OBJECT_CONVERSION = YES_AGGRESSIVE;
				CLANG_CXX_LANGUAGE_STANDARD = "gnu++20";
				CLANG_ENABLE_MODULES = YES;
				CLANG_ENABLE_OBJC_ARC = YES;
				CLANG_ENABLE_OBJC_WEAK = YES;
				CLANG_WARN_BLOCK_CAPTURE_AUTORELEASING = YES;
				CLANG_WARN_BOOL_CONVERSION = YES;
				CLANG_WARN_COMMA = YES;
				CLANG_WARN_CONSTANT_CONVERSION = YES;
				CLANG_WARN_DEPRECATED_OBJC_IMPLEMENTATIONS = YES;
				CLANG_WARN_DIRECT_OBJC_ISA_USAGE = YES_ERROR;
				CLANG_WARN_DOCUMENTATION_COMMENTS = YES;
				CLANG_WARN_EMPTY_BODY = YES;
				CLANG_WARN_ENUM_CONVERSION = YES;
				CLANG_WARN_INFINITE_RECURSION = YES;
				CLANG_WARN_INT_CONVERSION = YES;
				CLANG_WARN_NON_LITERAL_NULL_CONVERSION = YES;
				CLANG_WARN_OBJC_IMPLICIT_RETAIN_SELF = YES;
				CLANG_WARN_OBJC_LITERAL_CONVERSION = YES;
				CLANG_WARN_OBJC_ROOT_CLASS = YES_ERROR;
				CLANG_WARN_QUOTED_INCLUDE_IN_FRAMEWORK_HEADER = YES;
				CLANG_WARN_RANGE_LOOP_ANALYSIS = YES;
				CLANG_WARN_STRICT_PROTOTYPES = YES;
				CLANG_WARN_SUSPICIOUS_MOVE = YES;
				CLANG_WARN_UNGUARDED_AVAILABILITY = YES_AGGRESSIVE;
				CLANG_WARN_UNREACHABLE_CODE = YES;
				CLANG_WARN__DUPLICATE_METHOD_MATCH = YES;
				COPY_PHASE_STRIP = NO;
				DEBUG_INFORMATION_FORMAT = "dwarf-with-dsym";
				ENABLE_NS_ASSERTIONS = NO;
				ENABLE_STRICT_OBJC_MSGSEND = YES;
				ENABLE_USER_SCRIPT_SANDBOXING = YES;
				GCC_C_LANGUAGE_STANDARD = gnu17;
				GCC_NO_COMMON_BLOCKS = YES;
				GCC_WARN_64_TO_32_BIT_CONVERSION = YES;
				GCC_WARN_ABOUT_RETURN_TYPE = YES_ERROR;
				GCC_WARN_UNDECLARED_SELECTOR = YES;
				GCC_WARN_UNINITIALIZED_AUTOS = YES_AGGRESSIVE;
				GCC_WARN_UNUSED_FUNCTION = YES;
				GCC_WARN_UNUSED_VARIABLE = YES;
				IPHONEOS_DEPLOYMENT_TARGET = 18.2;
				LOCALIZATION_PREFERS_STRING_CATALOGS = YES;
				MTL_ENABLE_DEBUG_INFO = NO;
				MTL_FAST_MATH = YES;
				SDKROOT = iphoneos;
				SWIFT_COMPILATION_MODE = wholemodule;
				VALIDATE_PRODUCT = YES;
			};
			name = Release;
		};
		3FDD96CD2DDEBD3B005D2E16 /* Debug */ = {
			isa = XCBuildConfiguration;
			buildSettings = {
				ASSETCATALOG_COMPILER_APPICON_NAME = AppIcon;
				ASSETCATALOG_COMPILER_GLOBAL_ACCENT_COLOR_NAME = AccentColor;
				CODE_SIGN_STYLE = Automatic;
				CURRENT_PROJECT_VERSION = 1;
				DEVELOPMENT_ASSET_PATHS = "\"S4-MAD-ALP/Preview Content\"";
				ENABLE_PREVIEWS = YES;
				GENERATE_INFOPLIST_FILE = YES;
				INFOPLIST_KEY_UIApplicationSceneManifest_Generation = YES;
				INFOPLIST_KEY_UIApplicationSupportsIndirectInputEvents = YES;
				INFOPLIST_KEY_UILaunchScreen_Generation = YES;
				INFOPLIST_KEY_UISupportedInterfaceOrientations_iPad = "UIInterfaceOrientationPortrait UIInterfaceOrientationPortraitUpsideDown UIInterfaceOrientationLandscapeLeft UIInterfaceOrientationLandscapeRight";
				INFOPLIST_KEY_UISupportedInterfaceOrientations_iPhone = "UIInterfaceOrientationPortrait UIInterfaceOrientationLandscapeLeft UIInterfaceOrientationLandscapeRight";
				LD_RUNPATH_SEARCH_PATHS = (
					"$(inherited)",
					"@executable_path/Frameworks",
				);
				MARKETING_VERSION = 1.0;
				PRODUCT_BUNDLE_IDENTIFIER = "Verz.S4-MAD-ALP";
				PRODUCT_NAME = "$(TARGET_NAME)";
				SWIFT_EMIT_LOC_STRINGS = YES;
				SWIFT_VERSION = 5.0;
				TARGETED_DEVICE_FAMILY = "1,2";
			};
			name = Debug;
		};
		3FDD96CE2DDEBD3B005D2E16 /* Release */ = {
			isa = XCBuildConfiguration;
			buildSettings = {
				ASSETCATALOG_COMPILER_APPICON_NAME = AppIcon;
				ASSETCATALOG_COMPILER_GLOBAL_ACCENT_COLOR_NAME = AccentColor;
				CODE_SIGN_STYLE = Automatic;
				CURRENT_PROJECT_VERSION = 1;
				DEVELOPMENT_ASSET_PATHS = "\"S4-MAD-ALP/Preview Content\"";
				ENABLE_PREVIEWS = YES;
				GENERATE_INFOPLIST_FILE = YES;
				INFOPLIST_KEY_UIApplicationSceneManifest_Generation = YES;
				INFOPLIST_KEY_UIApplicationSupportsIndirectInputEvents = YES;
				INFOPLIST_KEY_UILaunchScreen_Generation = YES;
				INFOPLIST_KEY_UISupportedInterfaceOrientations_iPad = "UIInterfaceOrientationPortrait UIInterfaceOrientationPortraitUpsideDown UIInterfaceOrientationLandscapeLeft UIInterfaceOrientationLandscapeRight";
				INFOPLIST_KEY_UISupportedInterfaceOrientations_iPhone = "UIInterfaceOrientationPortrait UIInterfaceOrientationLandscapeLeft UIInterfaceOrientationLandscapeRight";
				LD_RUNPATH_SEARCH_PATHS = (
					"$(inherited)",
					"@executable_path/Frameworks",
				);
				MARKETING_VERSION = 1.0;
				PRODUCT_BUNDLE_IDENTIFIER = "Verz.S4-MAD-ALP";
				PRODUCT_NAME = "$(TARGET_NAME)";
				SWIFT_EMIT_LOC_STRINGS = YES;
				SWIFT_VERSION = 5.0;
				TARGETED_DEVICE_FAMILY = "1,2";
			};
			name = Release;
		};
		3FDD96D02DDEBD3B005D2E16 /* Debug */ = {
			isa = XCBuildConfiguration;
			buildSettings = {
				BUNDLE_LOADER = "$(TEST_HOST)";
				CODE_SIGN_STYLE = Automatic;
				CURRENT_PROJECT_VERSION = 1;
				GENERATE_INFOPLIST_FILE = YES;
				IPHONEOS_DEPLOYMENT_TARGET = 18.2;
				MARKETING_VERSION = 1.0;
				PRODUCT_BUNDLE_IDENTIFIER = "Verz.S4-MAD-ALPTests";
				PRODUCT_NAME = "$(TARGET_NAME)";
				SWIFT_EMIT_LOC_STRINGS = NO;
				SWIFT_VERSION = 5.0;
				TARGETED_DEVICE_FAMILY = "1,2";
				TEST_HOST = "$(BUILT_PRODUCTS_DIR)/S4-MAD-ALP.app/$(BUNDLE_EXECUTABLE_FOLDER_PATH)/S4-MAD-ALP";
			};
			name = Debug;
		};
		3FDD96D12DDEBD3B005D2E16 /* Release */ = {
			isa = XCBuildConfiguration;
			buildSettings = {
				BUNDLE_LOADER = "$(TEST_HOST)";
				CODE_SIGN_STYLE = Automatic;
				CURRENT_PROJECT_VERSION = 1;
				GENERATE_INFOPLIST_FILE = YES;
				IPHONEOS_DEPLOYMENT_TARGET = 18.2;
				MARKETING_VERSION = 1.0;
				PRODUCT_BUNDLE_IDENTIFIER = "Verz.S4-MAD-ALPTests";
				PRODUCT_NAME = "$(TARGET_NAME)";
				SWIFT_EMIT_LOC_STRINGS = NO;
				SWIFT_VERSION = 5.0;
				TARGETED_DEVICE_FAMILY = "1,2";
				TEST_HOST = "$(BUILT_PRODUCTS_DIR)/S4-MAD-ALP.app/$(BUNDLE_EXECUTABLE_FOLDER_PATH)/S4-MAD-ALP";
			};
			name = Release;
		};
		3FDD96D32DDEBD3B005D2E16 /* Debug */ = {
			isa = XCBuildConfiguration;
			buildSettings = {
				CODE_SIGN_STYLE = Automatic;
				CURRENT_PROJECT_VERSION = 1;
				GENERATE_INFOPLIST_FILE = YES;
				MARKETING_VERSION = 1.0;
				PRODUCT_BUNDLE_IDENTIFIER = "Verz.S4-MAD-ALPUITests";
				PRODUCT_NAME = "$(TARGET_NAME)";
				SWIFT_EMIT_LOC_STRINGS = NO;
				SWIFT_VERSION = 5.0;
				TARGETED_DEVICE_FAMILY = "1,2";
				TEST_TARGET_NAME = "S4-MAD-ALP";
			};
			name = Debug;
		};
		3FDD96D42DDEBD3B005D2E16 /* Release */ = {
			isa = XCBuildConfiguration;
			buildSettings = {
				CODE_SIGN_STYLE = Automatic;
				CURRENT_PROJECT_VERSION = 1;
				GENERATE_INFOPLIST_FILE = YES;
				MARKETING_VERSION = 1.0;
				PRODUCT_BUNDLE_IDENTIFIER = "Verz.S4-MAD-ALPUITests";
				PRODUCT_NAME = "$(TARGET_NAME)";
				SWIFT_EMIT_LOC_STRINGS = NO;
				SWIFT_VERSION = 5.0;
				TARGETED_DEVICE_FAMILY = "1,2";
				TEST_TARGET_NAME = "S4-MAD-ALP";
			};
			name = Release;
		};
/* End XCBuildConfiguration section */

/* Begin XCConfigurationList section */
		3FDD96A32DDEBD3A005D2E16 /* Build configuration list for PBXProject "S4-MAD-ALP" */ = {
			isa = XCConfigurationList;
			buildConfigurations = (
				3FDD96CA2DDEBD3B005D2E16 /* Debug */,
				3FDD96CB2DDEBD3B005D2E16 /* Release */,
			);
			defaultConfigurationIsVisible = 0;
			defaultConfigurationName = Release;
		};
		3FDD96CC2DDEBD3B005D2E16 /* Build configuration list for PBXNativeTarget "S4-MAD-ALP" */ = {
			isa = XCConfigurationList;
			buildConfigurations = (
				3FDD96CD2DDEBD3B005D2E16 /* Debug */,
				3FDD96CE2DDEBD3B005D2E16 /* Release */,
			);
			defaultConfigurationIsVisible = 0;
			defaultConfigurationName = Release;
		};
		3FDD96CF2DDEBD3B005D2E16 /* Build configuration list for PBXNativeTarget "S4-MAD-ALPTests" */ = {
			isa = XCConfigurationList;
			buildConfigurations = (
				3FDD96D02DDEBD3B005D2E16 /* Debug */,
				3FDD96D12DDEBD3B005D2E16 /* Release */,
			);
			defaultConfigurationIsVisible = 0;
			defaultConfigurationName = Release;
		};
		3FDD96D22DDEBD3B005D2E16 /* Build configuration list for PBXNativeTarget "S4-MAD-ALPUITests" */ = {
			isa = XCConfigurationList;
			buildConfigurations = (
				3FDD96D32DDEBD3B005D2E16 /* Debug */,
				3FDD96D42DDEBD3B005D2E16 /* Release */,
			);
			defaultConfigurationIsVisible = 0;
			defaultConfigurationName = Release;
		};
/* End XCConfigurationList section */

/* Begin XCRemoteSwiftPackageReference section */
		5442C4F22DDECABD0072D0F0 /* XCRemoteSwiftPackageReference "firebase-ios-sdk" */ = {
			isa = XCRemoteSwiftPackageReference;
			repositoryURL = "https://github.com/firebase/firebase-ios-sdk";
			requirement = {
				kind = upToNextMajorVersion;
				minimumVersion = 11.13.0;
			};
		};
/* End XCRemoteSwiftPackageReference section */

/* Begin XCSwiftPackageProductDependency section */
		5442C4F32DDECABD0072D0F0 /* FirebaseAnalytics */ = {
			isa = XCSwiftPackageProductDependency;
			package = 5442C4F22DDECABD0072D0F0 /* XCRemoteSwiftPackageReference "firebase-ios-sdk" */;
			productName = FirebaseAnalytics;
		};
		5442C4F52DDECABD0072D0F0 /* FirebaseAppCheck */ = {
			isa = XCSwiftPackageProductDependency;
			package = 5442C4F22DDECABD0072D0F0 /* XCRemoteSwiftPackageReference "firebase-ios-sdk" */;
			productName = FirebaseAppCheck;
		};
		5442C4F72DDECABD0072D0F0 /* FirebaseAuth */ = {
			isa = XCSwiftPackageProductDependency;
			package = 5442C4F22DDECABD0072D0F0 /* XCRemoteSwiftPackageReference "firebase-ios-sdk" */;
			productName = FirebaseAuth;
		};
		5442C4F92DDECABD0072D0F0 /* FirebaseCore */ = {
			isa = XCSwiftPackageProductDependency;
			package = 5442C4F22DDECABD0072D0F0 /* XCRemoteSwiftPackageReference "firebase-ios-sdk" */;
			productName = FirebaseCore;
		};
		5442C4FB2DDECABD0072D0F0 /* FirebaseDatabase */ = {
			isa = XCSwiftPackageProductDependency;
			package = 5442C4F22DDECABD0072D0F0 /* XCRemoteSwiftPackageReference "firebase-ios-sdk" */;
			productName = FirebaseDatabase;
		};
/* End XCSwiftPackageProductDependency section */
	};
	rootObject = 3FDD96A02DDEBD3A005D2E16 /* Project object */;
}
