// !$*UTF8*$!
{
	archiveVersion = 1;
	classes = {
	};
	objectVersion = 77;
	objects = {

/* Begin PBXBuildFile section */
		3F86AB152DE959E600294873 /* FirebaseAnalytics in Frameworks */ = {isa = PBXBuildFile; productRef = 3F86AB142DE959E600294873 /* FirebaseAnalytics */; };
		3F86AB172DE959E600294873 /* FirebaseAppCheck in Frameworks */ = {isa = PBXBuildFile; productRef = 3F86AB162DE959E600294873 /* FirebaseAppCheck */; };
		3F86AB192DE959E600294873 /* FirebaseAuth in Frameworks */ = {isa = PBXBuildFile; productRef = 3F86AB182DE959E600294873 /* FirebaseAuth */; };
		3F86AB1B2DE959E600294873 /* FirebaseCore in Frameworks */ = {isa = PBXBuildFile; productRef = 3F86AB1A2DE959E600294873 /* FirebaseCore */; };
		3F86AB1D2DE959E600294873 /* FirebaseDatabase in Frameworks */ = {isa = PBXBuildFile; productRef = 3F86AB1C2DE959E600294873 /* FirebaseDatabase */; };
		54A6B18C2DF4496800930A8F /* FirebaseCore in Frameworks */ = {isa = PBXBuildFile; productRef = 54A6B18B2DF4496800930A8F /* FirebaseCore */; };
		54A6B18E2DF4497100930A8F /* FirebaseDatabase in Frameworks */ = {isa = PBXBuildFile; productRef = 54A6B18D2DF4497100930A8F /* FirebaseDatabase */; };
		54A6B1902DF4498100930A8F /* FirebaseAuth in Frameworks */ = {isa = PBXBuildFile; productRef = 54A6B18F2DF4498100930A8F /* FirebaseAuth */; };
/* End PBXBuildFile section */

/* Begin PBXContainerItemProxy section */
		3FDD96B92DDEBD3B005D2E16 /* PBXContainerItemProxy */ = {
			isa = PBXContainerItemProxy;
			containerPortal = 3FDD96A02DDEBD3A005D2E16 /* Project object */;
			proxyType = 1;
			remoteGlobalIDString = 3FDD96A72DDEBD3A005D2E16;
			remoteInfo = "S4-MAD-ALP";
		};
		3FDD96C32DDEBD3B005D2E16 /* PBXContainerItemProxy */ = {
			isa = PBXContainerItemProxy;
			containerPortal = 3FDD96A02DDEBD3A005D2E16 /* Project object */;
			proxyType = 1;
			remoteGlobalIDString = 3FDD96A72DDEBD3A005D2E16;
			remoteInfo = "S4-MAD-ALP";
		};
/* End PBXContainerItemProxy section */

/* Begin PBXFileReference section */
		3FDD96A82DDEBD3A005D2E16 /* S4-MAD-ALP.app */ = {isa = PBXFileReference; explicitFileType = wrapper.application; includeInIndex = 0; path = "S4-MAD-ALP.app"; sourceTree = BUILT_PRODUCTS_DIR; };
		3FDD96B82DDEBD3B005D2E16 /* S4-MAD-ALPTests.xctest */ = {isa = PBXFileReference; explicitFileType = wrapper.cfbundle; includeInIndex = 0; path = "S4-MAD-ALPTests.xctest"; sourceTree = BUILT_PRODUCTS_DIR; };
		3FDD96C22DDEBD3B005D2E16 /* S4-MAD-ALPUITests.xctest */ = {isa = PBXFileReference; explicitFileType = wrapper.cfbundle; includeInIndex = 0; path = "S4-MAD-ALPUITests.xctest"; sourceTree = BUILT_PRODUCTS_DIR; };
		54A6B1762DF4285400930A8F /* S4-MAD-ALP-MAC.app */ = {isa = PBXFileReference; explicitFileType = wrapper.application; includeInIndex = 0; path = "S4-MAD-ALP-MAC.app"; sourceTree = BUILT_PRODUCTS_DIR; };
/* End PBXFileReference section */

/* Begin PBXFileSystemSynchronizedBuildFileExceptionSet section */
		54645B6D2DF5194A00F8DF55 /* Exceptions for "S4-MAD-ALP" folder in "S4-MAD-ALPTests" target */ = {
			isa = PBXFileSystemSynchronizedBuildFileExceptionSet;
			membershipExceptions = (
				Model/ColorItem.swift,
				Model/DrawingModel.swift,
				Model/UserModel.swift,
				Utilities/LocalDrawingStorage.swift,
				ViewModel/ColorMixingViewModel.swift,
				ViewModel/DrawingViewModel.swift,
				ViewModel/UserViewModel.swift,
			);
			target = 3FDD96B72DDEBD3B005D2E16 /* S4-MAD-ALPTests */;
		};
		54A6B1882DF42B9800930A8F /* Exceptions for "S4-MAD-ALP" folder in "S4-MAD-ALP-MAC" target */ = {
			isa = PBXFileSystemSynchronizedBuildFileExceptionSet;
			membershipExceptions = (
				Assets.xcassets,
				Model/ColorItem.swift,
				Model/ImageNameMapping.swift,
				Model/UserModel.swift,
				"Utilities/Color+Hex.swift",
				Utilities/ColorMixer.swift,
				Utilities/LocalDrawingStorage.swift,
				View/MainView.swift,
				View/MinigamesView.swift,
				View/ProfileView.swift,
				ViewModel/ColorMixingViewModel.swift,
				ViewModel/ConnectTheDotsViewModel.swift,
				ViewModel/ThemeDrawingViewModel.swift,
			);
			target = 54A6B1752DF4285400930A8F /* S4-MAD-ALP-MAC */;
		};
/* End PBXFileSystemSynchronizedBuildFileExceptionSet section */

/* Begin PBXFileSystemSynchronizedRootGroup section */
		3FDD96AA2DDEBD3A005D2E16 /* S4-MAD-ALP */ = {
			isa = PBXFileSystemSynchronizedRootGroup;
			exceptions = (
				54645B6D2DF5194A00F8DF55 /* Exceptions for "S4-MAD-ALP" folder in "S4-MAD-ALPTests" target */,
				54A6B1882DF42B9800930A8F /* Exceptions for "S4-MAD-ALP" folder in "S4-MAD-ALP-MAC" target */,
			);
			path = "S4-MAD-ALP";
			sourceTree = "<group>";
		};
		3FDD96BB2DDEBD3B005D2E16 /* S4-MAD-ALPTests */ = {
			isa = PBXFileSystemSynchronizedRootGroup;
			path = "S4-MAD-ALPTests";
			sourceTree = "<group>";
		};
		3FDD96C52DDEBD3B005D2E16 /* S4-MAD-ALPUITests */ = {
			isa = PBXFileSystemSynchronizedRootGroup;
			path = "S4-MAD-ALPUITests";
			sourceTree = "<group>";
		};
		54A6B1772DF4285400930A8F /* S4-MAD-ALP-MAC */ = {
			isa = PBXFileSystemSynchronizedRootGroup;
			path = "S4-MAD-ALP-MAC";
			sourceTree = "<group>";
		};
/* End PBXFileSystemSynchronizedRootGroup section */

/* Begin PBXFrameworksBuildPhase section */
		3FDD96A52DDEBD3A005D2E16 /* Frameworks */ = {
			isa = PBXFrameworksBuildPhase;
			buildActionMask = 2147483647;
			files = (
				3F86AB1D2DE959E600294873 /* FirebaseDatabase in Frameworks */,
				3F86AB172DE959E600294873 /* FirebaseAppCheck in Frameworks */,
				3F86AB192DE959E600294873 /* FirebaseAuth in Frameworks */,
				3F86AB1B2DE959E600294873 /* FirebaseCore in Frameworks */,
				3F86AB152DE959E600294873 /* FirebaseAnalytics in Frameworks */,
			);
			runOnlyForDeploymentPostprocessing = 0;
		};
		3FDD96B52DDEBD3B005D2E16 /* Frameworks */ = {
			isa = PBXFrameworksBuildPhase;
			buildActionMask = 2147483647;
			files = (
			);
			runOnlyForDeploymentPostprocessing = 0;
		};
		3FDD96BF2DDEBD3B005D2E16 /* Frameworks */ = {
			isa = PBXFrameworksBuildPhase;
			buildActionMask = 2147483647;
			files = (
			);
			runOnlyForDeploymentPostprocessing = 0;
		};
		54A6B1732DF4285400930A8F /* Frameworks */ = {
			isa = PBXFrameworksBuildPhase;
			buildActionMask = 2147483647;
			files = (
				54A6B18E2DF4497100930A8F /* FirebaseDatabase in Frameworks */,
				54A6B1902DF4498100930A8F /* FirebaseAuth in Frameworks */,
				54A6B18C2DF4496800930A8F /* FirebaseCore in Frameworks */,
			);
			runOnlyForDeploymentPostprocessing = 0;
		};
/* End PBXFrameworksBuildPhase section */

/* Begin PBXGroup section */
		3FDD969F2DDEBD3A005D2E16 = {
			isa = PBXGroup;
			children = (
				3FDD96AA2DDEBD3A005D2E16 /* S4-MAD-ALP */,
				3FDD96BB2DDEBD3B005D2E16 /* S4-MAD-ALPTests */,
				3FDD96C52DDEBD3B005D2E16 /* S4-MAD-ALPUITests */,
				54A6B1772DF4285400930A8F /* S4-MAD-ALP-MAC */,
				54A6B18A2DF4496800930A8F /* Frameworks */,
				3FDD96A92DDEBD3A005D2E16 /* Products */,
			);
			sourceTree = "<group>";
		};
		3FDD96A92DDEBD3A005D2E16 /* Products */ = {
			isa = PBXGroup;
			children = (
				3FDD96A82DDEBD3A005D2E16 /* S4-MAD-ALP.app */,
				3FDD96B82DDEBD3B005D2E16 /* S4-MAD-ALPTests.xctest */,
				3FDD96C22DDEBD3B005D2E16 /* S4-MAD-ALPUITests.xctest */,
				54A6B1762DF4285400930A8F /* S4-MAD-ALP-MAC.app */,
			);
			name = Products;
			sourceTree = "<group>";
		};
		54A6B18A2DF4496800930A8F /* Frameworks */ = {
			isa = PBXGroup;
			children = (
			);
			name = Frameworks;
			sourceTree = "<group>";
		};
/* End PBXGroup section */

/* Begin PBXNativeTarget section */
		3FDD96A72DDEBD3A005D2E16 /* S4-MAD-ALP */ = {
			isa = PBXNativeTarget;
			buildConfigurationList = 3FDD96CC2DDEBD3B005D2E16 /* Build configuration list for PBXNativeTarget "S4-MAD-ALP" */;
			buildPhases = (
				3FDD96A42DDEBD3A005D2E16 /* Sources */,
				3FDD96A52DDEBD3A005D2E16 /* Frameworks */,
				3FDD96A62DDEBD3A005D2E16 /* Resources */,
			);
			buildRules = (
			);
			dependencies = (
			);
			fileSystemSynchronizedGroups = (
				3FDD96AA2DDEBD3A005D2E16 /* S4-MAD-ALP */,
			);
			name = "S4-MAD-ALP";
			packageProductDependencies = (
				3F86AB142DE959E600294873 /* FirebaseAnalytics */,
				3F86AB162DE959E600294873 /* FirebaseAppCheck */,
				3F86AB182DE959E600294873 /* FirebaseAuth */,
				3F86AB1A2DE959E600294873 /* FirebaseCore */,
				3F86AB1C2DE959E600294873 /* FirebaseDatabase */,
			);
			productName = "S4-MAD-ALP";
			productReference = 3FDD96A82DDEBD3A005D2E16 /* S4-MAD-ALP.app */;
			productType = "com.apple.product-type.application";
		};
		3FDD96B72DDEBD3B005D2E16 /* S4-MAD-ALPTests */ = {
			isa = PBXNativeTarget;
			buildConfigurationList = 3FDD96CF2DDEBD3B005D2E16 /* Build configuration list for PBXNativeTarget "S4-MAD-ALPTests" */;
			buildPhases = (
				3FDD96B42DDEBD3B005D2E16 /* Sources */,
				3FDD96B52DDEBD3B005D2E16 /* Frameworks */,
				3FDD96B62DDEBD3B005D2E16 /* Resources */,
			);
			buildRules = (
			);
			dependencies = (
				3FDD96BA2DDEBD3B005D2E16 /* PBXTargetDependency */,
			);
			fileSystemSynchronizedGroups = (
				3FDD96BB2DDEBD3B005D2E16 /* S4-MAD-ALPTests */,
			);
			name = "S4-MAD-ALPTests";
			packageProductDependencies = (
			);
			productName = "S4-MAD-ALPTests";
			productReference = 3FDD96B82DDEBD3B005D2E16 /* S4-MAD-ALPTests.xctest */;
			productType = "com.apple.product-type.bundle.unit-test";
		};
		3FDD96C12DDEBD3B005D2E16 /* S4-MAD-ALPUITests */ = {
			isa = PBXNativeTarget;
			buildConfigurationList = 3FDD96D22DDEBD3B005D2E16 /* Build configuration list for PBXNativeTarget "S4-MAD-ALPUITests" */;
			buildPhases = (
				3FDD96BE2DDEBD3B005D2E16 /* Sources */,
				3FDD96BF2DDEBD3B005D2E16 /* Frameworks */,
				3FDD96C02DDEBD3B005D2E16 /* Resources */,
			);
			buildRules = (
			);
			dependencies = (
				3FDD96C42DDEBD3B005D2E16 /* PBXTargetDependency */,
			);
			fileSystemSynchronizedGroups = (
				3FDD96C52DDEBD3B005D2E16 /* S4-MAD-ALPUITests */,
			);
			name = "S4-MAD-ALPUITests";
			packageProductDependencies = (
			);
			productName = "S4-MAD-ALPUITests";
			productReference = 3FDD96C22DDEBD3B005D2E16 /* S4-MAD-ALPUITests.xctest */;
			productType = "com.apple.product-type.bundle.ui-testing";
		};
		54A6B1752DF4285400930A8F /* S4-MAD-ALP-MAC */ = {
			isa = PBXNativeTarget;
			buildConfigurationList = 54A6B17F2DF4285500930A8F /* Build configuration list for PBXNativeTarget "S4-MAD-ALP-MAC" */;
			buildPhases = (
				54A6B1722DF4285400930A8F /* Sources */,
				54A6B1732DF4285400930A8F /* Frameworks */,
				54A6B1742DF4285400930A8F /* Resources */,
			);
			buildRules = (
			);
			dependencies = (
			);
			fileSystemSynchronizedGroups = (
				54A6B1772DF4285400930A8F /* S4-MAD-ALP-MAC */,
			);
			name = "S4-MAD-ALP-MAC";
			packageProductDependencies = (
				54A6B18B2DF4496800930A8F /* FirebaseCore */,
				54A6B18D2DF4497100930A8F /* FirebaseDatabase */,
				54A6B18F2DF4498100930A8F /* FirebaseAuth */,
			);
			productName = "S4-MAD-ALP-MAC";
			productReference = 54A6B1762DF4285400930A8F /* S4-MAD-ALP-MAC.app */;
			productType = "com.apple.product-type.application";
		};
/* End PBXNativeTarget section */

/* Begin PBXProject section */
		3FDD96A02DDEBD3A005D2E16 /* Project object */ = {
			isa = PBXProject;
			attributes = {
				BuildIndependentTargetsInParallel = 1;
				LastSwiftUpdateCheck = 1640;
				LastUpgradeCheck = 1620;
				TargetAttributes = {
					3FDD96A72DDEBD3A005D2E16 = {
						CreatedOnToolsVersion = 16.2;
					};
					3FDD96B72DDEBD3B005D2E16 = {
						CreatedOnToolsVersion = 16.2;
						TestTargetID = 3FDD96A72DDEBD3A005D2E16;
					};
					3FDD96C12DDEBD3B005D2E16 = {
						CreatedOnToolsVersion = 16.2;
						TestTargetID = 3FDD96A72DDEBD3A005D2E16;
					};
					54A6B1752DF4285400930A8F = {
						CreatedOnToolsVersion = 16.4;
					};
				};
			};
			buildConfigurationList = 3FDD96A32DDEBD3A005D2E16 /* Build configuration list for PBXProject "S4-MAD-ALP" */;
			developmentRegion = en;
			hasScannedForEncodings = 0;
			knownRegions = (
				en,
				Base,
			);
			mainGroup = 3FDD969F2DDEBD3A005D2E16;
			minimizedProjectReferenceProxies = 1;
			packageReferences = (
				3F86AB132DE959E600294873 /* XCRemoteSwiftPackageReference "firebase-ios-sdk" */,
			);
			preferredProjectObjectVersion = 77;
			productRefGroup = 3FDD96A92DDEBD3A005D2E16 /* Products */;
			projectDirPath = "";
			projectRoot = "";
			targets = (
				3FDD96A72DDEBD3A005D2E16 /* S4-MAD-ALP */,
				3FDD96B72DDEBD3B005D2E16 /* S4-MAD-ALPTests */,
				3FDD96C12DDEBD3B005D2E16 /* S4-MAD-ALPUITests */,
				54A6B1752DF4285400930A8F /* S4-MAD-ALP-MAC */,
			);
		};
/* End PBXProject section */

/* Begin PBXResourcesBuildPhase section */
		3FDD96A62DDEBD3A005D2E16 /* Resources */ = {
			isa = PBXResourcesBuildPhase;
			buildActionMask = 2147483647;
			files = (
			);
			runOnlyForDeploymentPostprocessing = 0;
		};
		3FDD96B62DDEBD3B005D2E16 /* Resources */ = {
			isa = PBXResourcesBuildPhase;
			buildActionMask = 2147483647;
			files = (
			);
			runOnlyForDeploymentPostprocessing = 0;
		};
		3FDD96C02DDEBD3B005D2E16 /* Resources */ = {
			isa = PBXResourcesBuildPhase;
			buildActionMask = 2147483647;
			files = (
			);
			runOnlyForDeploymentPostprocessing = 0;
		};
		54A6B1742DF4285400930A8F /* Resources */ = {
			isa = PBXResourcesBuildPhase;
			buildActionMask = 2147483647;
			files = (
			);
			runOnlyForDeploymentPostprocessing = 0;
		};
/* End PBXResourcesBuildPhase section */

/* Begin PBXSourcesBuildPhase section */
		3FDD96A42DDEBD3A005D2E16 /* Sources */ = {
			isa = PBXSourcesBuildPhase;
			buildActionMask = 2147483647;
			files = (
			);
			runOnlyForDeploymentPostprocessing = 0;
		};
		3FDD96B42DDEBD3B005D2E16 /* Sources */ = {
			isa = PBXSourcesBuildPhase;
			buildActionMask = 2147483647;
			files = (
			);
			runOnlyForDeploymentPostprocessing = 0;
		};
		3FDD96BE2DDEBD3B005D2E16 /* Sources */ = {
			isa = PBXSourcesBuildPhase;
			buildActionMask = 2147483647;
			files = (
			);
			runOnlyForDeploymentPostprocessing = 0;
		};
		54A6B1722DF4285400930A8F /* Sources */ = {
			isa = PBXSourcesBuildPhase;
			buildActionMask = 2147483647;
			files = (
			);
			runOnlyForDeploymentPostprocessing = 0;
		};
/* End PBXSourcesBuildPhase section */

/* Begin PBXTargetDependency section */
		3FDD96BA2DDEBD3B005D2E16 /* PBXTargetDependency */ = {
			isa = PBXTargetDependency;
			target = 3FDD96A72DDEBD3A005D2E16 /* S4-MAD-ALP */;
			targetProxy = 3FDD96B92DDEBD3B005D2E16 /* PBXContainerItemProxy */;
		};
		3FDD96C42DDEBD3B005D2E16 /* PBXTargetDependency */ = {
			isa = PBXTargetDependency;
			target = 3FDD96A72DDEBD3A005D2E16 /* S4-MAD-ALP */;
			targetProxy = 3FDD96C32DDEBD3B005D2E16 /* PBXContainerItemProxy */;
		};
/* End PBXTargetDependency section */

/* Begin XCBuildConfiguration section */
		3FDD96CA2DDEBD3B005D2E16 /* Debug */ = {
			isa = XCBuildConfiguration;
			buildSettings = {
				ALWAYS_SEARCH_USER_PATHS = NO;
				ASSETCATALOG_COMPILER_GENERATE_SWIFT_ASSET_SYMBOL_EXTENSIONS = YES;
				CLANG_ANALYZER_NONNULL = YES;
				CLANG_ANALYZER_NUMBER_OBJECT_CONVERSION = YES_AGGRESSIVE;
				CLANG_CXX_LANGUAGE_STANDARD = "gnu++20";
				CLANG_ENABLE_MODULES = YES;
				CLANG_ENABLE_OBJC_ARC = YES;
				CLANG_ENABLE_OBJC_WEAK = YES;
				CLANG_WARN_BLOCK_CAPTURE_AUTORELEASING = YES;
				CLANG_WARN_BOOL_CONVERSION = YES;
				CLANG_WARN_COMMA = YES;
				CLANG_WARN_CONSTANT_CONVERSION = YES;
				CLANG_WARN_DEPRECATED_OBJC_IMPLEMENTATIONS = YES;
				CLANG_WARN_DIRECT_OBJC_ISA_USAGE = YES_ERROR;
				CLANG_WARN_DOCUMENTATION_COMMENTS = YES;
				CLANG_WARN_EMPTY_BODY = YES;
				CLANG_WARN_ENUM_CONVERSION = YES;
				CLANG_WARN_INFINITE_RECURSION = YES;
				CLANG_WARN_INT_CONVERSION = YES;
				CLANG_WARN_NON_LITERAL_NULL_CONVERSION = YES;
				CLANG_WARN_OBJC_IMPLICIT_RETAIN_SELF = YES;
				CLANG_WARN_OBJC_LITERAL_CONVERSION = YES;
				CLANG_WARN_OBJC_ROOT_CLASS = YES_ERROR;
				CLANG_WARN_QUOTED_INCLUDE_IN_FRAMEWORK_HEADER = YES;
				CLANG_WARN_RANGE_LOOP_ANALYSIS = YES;
				CLANG_WARN_STRICT_PROTOTYPES = YES;
				CLANG_WARN_SUSPICIOUS_MOVE = YES;
				CLANG_WARN_UNGUARDED_AVAILABILITY = YES_AGGRESSIVE;
				CLANG_WARN_UNREACHABLE_CODE = YES;
				CLANG_WARN__DUPLICATE_METHOD_MATCH = YES;
				COPY_PHASE_STRIP = NO;
				DEBUG_INFORMATION_FORMAT = dwarf;
				ENABLE_STRICT_OBJC_MSGSEND = YES;
				ENABLE_TESTABILITY = YES;
				ENABLE_USER_SCRIPT_SANDBOXING = YES;
				GCC_C_LANGUAGE_STANDARD = gnu17;
				GCC_DYNAMIC_NO_PIC = NO;
				GCC_NO_COMMON_BLOCKS = YES;
				GCC_OPTIMIZATION_LEVEL = 0;
				GCC_PREPROCESSOR_DEFINITIONS = (
					"DEBUG=1",
					"$(inherited)",
				);
				GCC_WARN_64_TO_32_BIT_CONVERSION = YES;
				GCC_WARN_ABOUT_RETURN_TYPE = YES_ERROR;
				GCC_WARN_UNDECLARED_SELECTOR = YES;
				GCC_WARN_UNINITIALIZED_AUTOS = YES_AGGRESSIVE;
				GCC_WARN_UNUSED_FUNCTION = YES;
				GCC_WARN_UNUSED_VARIABLE = YES;
				IPHONEOS_DEPLOYMENT_TARGET = 18.2;
				LOCALIZATION_PREFERS_STRING_CATALOGS = YES;
				MTL_ENABLE_DEBUG_INFO = INCLUDE_SOURCE;
				MTL_FAST_MATH = YES;
				ONLY_ACTIVE_ARCH = YES;
				SDKROOT = iphoneos;
				SWIFT_ACTIVE_COMPILATION_CONDITIONS = "DEBUG $(inherited)";
				SWIFT_OPTIMIZATION_LEVEL = "-Onone";
			};
			name = Debug;
		};
		3FDD96CB2DDEBD3B005D2E16 /* Release */ = {
			isa = XCBuildConfiguration;
			buildSettings = {
				ALWAYS_SEARCH_USER_PATHS = NO;
				ASSETCATALOG_COMPILER_GENERATE_SWIFT_ASSET_SYMBOL_EXTENSIONS = YES;
				CLANG_ANALYZER_NONNULL = YES;
				CLANG_ANALYZER_NUMBER_OBJECT_CONVERSION = YES_AGGRESSIVE;
				CLANG_CXX_LANGUAGE_STANDARD = "gnu++20";
				CLANG_ENABLE_MODULES = YES;
				CLANG_ENABLE_OBJC_ARC = YES;
				CLANG_ENABLE_OBJC_WEAK = YES;
				CLANG_WARN_BLOCK_CAPTURE_AUTORELEASING = YES;
				CLANG_WARN_BOOL_CONVERSION = YES;
				CLANG_WARN_COMMA = YES;
				CLANG_WARN_CONSTANT_CONVERSION = YES;
				CLANG_WARN_DEPRECATED_OBJC_IMPLEMENTATIONS = YES;
				CLANG_WARN_DIRECT_OBJC_ISA_USAGE = YES_ERROR;
				CLANG_WARN_DOCUMENTATION_COMMENTS = YES;
				CLANG_WARN_EMPTY_BODY = YES;
				CLANG_WARN_ENUM_CONVERSION = YES;
				CLANG_WARN_INFINITE_RECURSION = YES;
				CLANG_WARN_INT_CONVERSION = YES;
				CLANG_WARN_NON_LITERAL_NULL_CONVERSION = YES;
				CLANG_WARN_OBJC_IMPLICIT_RETAIN_SELF = YES;
				CLANG_WARN_OBJC_LITERAL_CONVERSION = YES;
				CLANG_WARN_OBJC_ROOT_CLASS = YES_ERROR;
				CLANG_WARN_QUOTED_INCLUDE_IN_FRAMEWORK_HEADER = YES;
				CLANG_WARN_RANGE_LOOP_ANALYSIS = YES;
				CLANG_WARN_STRICT_PROTOTYPES = YES;
				CLANG_WARN_SUSPICIOUS_MOVE = YES;
				CLANG_WARN_UNGUARDED_AVAILABILITY = YES_AGGRESSIVE;
				CLANG_WARN_UNREACHABLE_CODE = YES;
				CLANG_WARN__DUPLICATE_METHOD_MATCH = YES;
				COPY_PHASE_STRIP = NO;
				DEBUG_INFORMATION_FORMAT = "dwarf-with-dsym";
				ENABLE_NS_ASSERTIONS = NO;
				ENABLE_STRICT_OBJC_MSGSEND = YES;
				ENABLE_USER_SCRIPT_SANDBOXING = YES;
				GCC_C_LANGUAGE_STANDARD = gnu17;
				GCC_NO_COMMON_BLOCKS = YES;
				GCC_WARN_64_TO_32_BIT_CONVERSION = YES;
				GCC_WARN_ABOUT_RETURN_TYPE = YES_ERROR;
				GCC_WARN_UNDECLARED_SELECTOR = YES;
				GCC_WARN_UNINITIALIZED_AUTOS = YES_AGGRESSIVE;
				GCC_WARN_UNUSED_FUNCTION = YES;
				GCC_WARN_UNUSED_VARIABLE = YES;
				IPHONEOS_DEPLOYMENT_TARGET = 18.2;
				LOCALIZATION_PREFERS_STRING_CATALOGS = YES;
				MTL_ENABLE_DEBUG_INFO = NO;
				MTL_FAST_MATH = YES;
				SDKROOT = iphoneos;
				SWIFT_COMPILATION_MODE = wholemodule;
				VALIDATE_PRODUCT = YES;
			};
			name = Release;
		};
		3FDD96CD2DDEBD3B005D2E16 /* Debug */ = {
			isa = XCBuildConfiguration;
			buildSettings = {
				ASSETCATALOG_COMPILER_APPICON_NAME = AppIcon;
				ASSETCATALOG_COMPILER_GLOBAL_ACCENT_COLOR_NAME = AccentColor;
				CODE_SIGN_STYLE = Automatic;
				CURRENT_PROJECT_VERSION = 1;
				DEVELOPMENT_ASSET_PATHS = "\"S4-MAD-ALP/Preview Content\"";
				ENABLE_PREVIEWS = YES;
				GENERATE_INFOPLIST_FILE = YES;
				INFOPLIST_KEY_UIApplicationSceneManifest_Generation = YES;
				INFOPLIST_KEY_UIApplicationSupportsIndirectInputEvents = YES;
				INFOPLIST_KEY_UILaunchScreen_Generation = YES;
				INFOPLIST_KEY_UISupportedInterfaceOrientations_iPad = "UIInterfaceOrientationPortrait UIInterfaceOrientationPortraitUpsideDown UIInterfaceOrientationLandscapeLeft UIInterfaceOrientationLandscapeRight";
				INFOPLIST_KEY_UISupportedInterfaceOrientations_iPhone = "UIInterfaceOrientationPortrait UIInterfaceOrientationLandscapeLeft UIInterfaceOrientationLandscapeRight";
				LD_RUNPATH_SEARCH_PATHS = (
					"$(inherited)",
					"@executable_path/Frameworks",
				);
				MARKETING_VERSION = 1.0;
				PRODUCT_BUNDLE_IDENTIFIER = "Verz.S4-MAD-ALP";
				PRODUCT_NAME = "$(TARGET_NAME)";
				REGISTER_APP_GROUPS = YES;
				SUPPORTED_PLATFORMS = "iphoneos iphonesimulator macosx";
				SUPPORTS_MACCATALYST = NO;
				SUPPORTS_MAC_DESIGNED_FOR_IPHONE_IPAD = NO;
				SWIFT_EMIT_LOC_STRINGS = YES;
				SWIFT_VERSION = 5.0;
				TARGETED_DEVICE_FAMILY = "1,2";
			};
			name = Debug;
		};
		3FDD96CE2DDEBD3B005D2E16 /* Release */ = {
			isa = XCBuildConfiguration;
			buildSettings = {
				ASSETCATALOG_COMPILER_APPICON_NAME = AppIcon;
				ASSETCATALOG_COMPILER_GLOBAL_ACCENT_COLOR_NAME = AccentColor;
				CODE_SIGN_STYLE = Automatic;
				CURRENT_PROJECT_VERSION = 1;
				DEVELOPMENT_ASSET_PATHS = "\"S4-MAD-ALP/Preview Content\"";
				ENABLE_PREVIEWS = YES;
				GENERATE_INFOPLIST_FILE = YES;
				INFOPLIST_KEY_UIApplicationSceneManifest_Generation = YES;
				INFOPLIST_KEY_UIApplicationSupportsIndirectInputEvents = YES;
				INFOPLIST_KEY_UILaunchScreen_Generation = YES;
				INFOPLIST_KEY_UISupportedInterfaceOrientations_iPad = "UIInterfaceOrientationPortrait UIInterfaceOrientationPortraitUpsideDown UIInterfaceOrientationLandscapeLeft UIInterfaceOrientationLandscapeRight";
				INFOPLIST_KEY_UISupportedInterfaceOrientations_iPhone = "UIInterfaceOrientationPortrait UIInterfaceOrientationLandscapeLeft UIInterfaceOrientationLandscapeRight";
				LD_RUNPATH_SEARCH_PATHS = (
					"$(inherited)",
					"@executable_path/Frameworks",
				);
				MARKETING_VERSION = 1.0;
				PRODUCT_BUNDLE_IDENTIFIER = "Verz.S4-MAD-ALP";
				PRODUCT_NAME = "$(TARGET_NAME)";
				REGISTER_APP_GROUPS = YES;
				SUPPORTED_PLATFORMS = "iphoneos iphonesimulator macosx";
				SUPPORTS_MACCATALYST = NO;
				SUPPORTS_MAC_DESIGNED_FOR_IPHONE_IPAD = NO;
				SWIFT_EMIT_LOC_STRINGS = YES;
				SWIFT_VERSION = 5.0;
				TARGETED_DEVICE_FAMILY = "1,2";
			};
			name = Release;
		};
		3FDD96D02DDEBD3B005D2E16 /* Debug */ = {
			isa = XCBuildConfiguration;
			buildSettings = {
				BUNDLE_LOADER = "$(TEST_HOST)";
				"CODE_SIGN_IDENTITY[sdk=macosx*]" = "-";
				CODE_SIGN_STYLE = Automatic;
				CURRENT_PROJECT_VERSION = 1;
				GENERATE_INFOPLIST_FILE = YES;
				IPHONEOS_DEPLOYMENT_TARGET = 18.2;
				MARKETING_VERSION = 1.0;
				PRODUCT_BUNDLE_IDENTIFIER = "Verz.S4-MAD-ALPTests";
				PRODUCT_NAME = "$(TARGET_NAME)";
				SWIFT_EMIT_LOC_STRINGS = NO;
				SWIFT_VERSION = 5.0;
				TARGETED_DEVICE_FAMILY = "1,2";
				TEST_HOST = "$(BUILT_PRODUCTS_DIR)/S4-MAD-ALP.app/$(BUNDLE_EXECUTABLE_FOLDER_PATH)/S4-MAD-ALP";
			};
			name = Debug;
		};
		3FDD96D12DDEBD3B005D2E16 /* Release */ = {
			isa = XCBuildConfiguration;
			buildSettings = {
				BUNDLE_LOADER = "$(TEST_HOST)";
				"CODE_SIGN_IDENTITY[sdk=macosx*]" = "-";
				CODE_SIGN_STYLE = Automatic;
				CURRENT_PROJECT_VERSION = 1;
				GENERATE_INFOPLIST_FILE = YES;
				IPHONEOS_DEPLOYMENT_TARGET = 18.2;
				MARKETING_VERSION = 1.0;
				PRODUCT_BUNDLE_IDENTIFIER = "Verz.S4-MAD-ALPTests";
				PRODUCT_NAME = "$(TARGET_NAME)";
				SWIFT_EMIT_LOC_STRINGS = NO;
				SWIFT_VERSION = 5.0;
				TARGETED_DEVICE_FAMILY = "1,2";
				TEST_HOST = "$(BUILT_PRODUCTS_DIR)/S4-MAD-ALP.app/$(BUNDLE_EXECUTABLE_FOLDER_PATH)/S4-MAD-ALP";
			};
			name = Release;
		};
		3FDD96D32DDEBD3B005D2E16 /* Debug */ = {
			isa = XCBuildConfiguration;
			buildSettings = {
				"CODE_SIGN_IDENTITY[sdk=macosx*]" = "-";
				CODE_SIGN_STYLE = Automatic;
				CURRENT_PROJECT_VERSION = 1;
				GENERATE_INFOPLIST_FILE = YES;
				MARKETING_VERSION = 1.0;
				PRODUCT_BUNDLE_IDENTIFIER = "Verz.S4-MAD-ALPUITests";
				PRODUCT_NAME = "$(TARGET_NAME)";
				SWIFT_EMIT_LOC_STRINGS = NO;
				SWIFT_VERSION = 5.0;
				TARGETED_DEVICE_FAMILY = "1,2";
				TEST_TARGET_NAME = "S4-MAD-ALP";
			};
			name = Debug;
		};
		3FDD96D42DDEBD3B005D2E16 /* Release */ = {
			isa = XCBuildConfiguration;
			buildSettings = {
				"CODE_SIGN_IDENTITY[sdk=macosx*]" = "-";
				CODE_SIGN_STYLE = Automatic;
				CURRENT_PROJECT_VERSION = 1;
				GENERATE_INFOPLIST_FILE = YES;
				MARKETING_VERSION = 1.0;
				PRODUCT_BUNDLE_IDENTIFIER = "Verz.S4-MAD-ALPUITests";
				PRODUCT_NAME = "$(TARGET_NAME)";
				SWIFT_EMIT_LOC_STRINGS = NO;
				SWIFT_VERSION = 5.0;
				TARGETED_DEVICE_FAMILY = "1,2";
				TEST_TARGET_NAME = "S4-MAD-ALP";
			};
			name = Release;
		};
		54A6B1802DF4285500930A8F /* Debug */ = {
			isa = XCBuildConfiguration;
			buildSettings = {
				ASSETCATALOG_COMPILER_APPICON_NAME = AppIcon;
				ASSETCATALOG_COMPILER_GLOBAL_ACCENT_COLOR_NAME = AccentColor;
				CODE_SIGN_ENTITLEMENTS = "S4-MAD-ALP-MAC/S4_MAD_ALP_MAC.entitlements";
				"CODE_SIGN_IDENTITY[sdk=macosx*]" = "Apple Development";
				CODE_SIGN_STYLE = Automatic;
				COMBINE_HIDPI_IMAGES = YES;
				CURRENT_PROJECT_VERSION = 1;
				DEVELOPMENT_TEAM = 47335X8K5Q;
				ENABLE_PREVIEWS = YES;
				GENERATE_INFOPLIST_FILE = YES;
				INFOPLIST_KEY_NSHumanReadableCopyright = "";
				LD_RUNPATH_SEARCH_PATHS = (
					"$(inherited)",
					"@executable_path/../Frameworks",
				);
				MACOSX_DEPLOYMENT_TARGET = 15.3;
				MARKETING_VERSION = 1.0;
				PRODUCT_BUNDLE_IDENTIFIER = MAD.MacOSView;
				PRODUCT_NAME = "$(TARGET_NAME)";
				REGISTER_APP_GROUPS = YES;
				SDKROOT = macosx;
				SWIFT_EMIT_LOC_STRINGS = YES;
				SWIFT_VERSION = 5.0;
			};
			name = Debug;
		};
		54A6B1812DF4285500930A8F /* Release */ = {
			isa = XCBuildConfiguration;
			buildSettings = {
				ASSETCATALOG_COMPILER_APPICON_NAME = AppIcon;
				ASSETCATALOG_COMPILER_GLOBAL_ACCENT_COLOR_NAME = AccentColor;
				CODE_SIGN_ENTITLEMENTS = "S4-MAD-ALP-MAC/S4_MAD_ALP_MAC.entitlements";
				"CODE_SIGN_IDENTITY[sdk=macosx*]" = "Apple Development";
				CODE_SIGN_STYLE = Automatic;
				COMBINE_HIDPI_IMAGES = YES;
				CURRENT_PROJECT_VERSION = 1;
				DEVELOPMENT_TEAM = 47335X8K5Q;
				ENABLE_PREVIEWS = YES;
				GENERATE_INFOPLIST_FILE = YES;
				INFOPLIST_KEY_NSHumanReadableCopyright = "";
				LD_RUNPATH_SEARCH_PATHS = (
					"$(inherited)",
					"@executable_path/../Frameworks",
				);
				MACOSX_DEPLOYMENT_TARGET = 15.3;
				MARKETING_VERSION = 1.0;
				PRODUCT_BUNDLE_IDENTIFIER = MAD.MacOSView;
				PRODUCT_NAME = "$(TARGET_NAME)";
				REGISTER_APP_GROUPS = YES;
				SDKROOT = macosx;
				SWIFT_EMIT_LOC_STRINGS = YES;
				SWIFT_VERSION = 5.0;
			};
			name = Release;
		};
/* End XCBuildConfiguration section */

/* Begin XCConfigurationList section */
		3FDD96A32DDEBD3A005D2E16 /* Build configuration list for PBXProject "S4-MAD-ALP" */ = {
			isa = XCConfigurationList;
			buildConfigurations = (
				3FDD96CA2DDEBD3B005D2E16 /* Debug */,
				3FDD96CB2DDEBD3B005D2E16 /* Release */,
			);
			defaultConfigurationIsVisible = 0;
			defaultConfigurationName = Release;
		};
		3FDD96CC2DDEBD3B005D2E16 /* Build configuration list for PBXNativeTarget "S4-MAD-ALP" */ = {
			isa = XCConfigurationList;
			buildConfigurations = (
				3FDD96CD2DDEBD3B005D2E16 /* Debug */,
				3FDD96CE2DDEBD3B005D2E16 /* Release */,
			);
			defaultConfigurationIsVisible = 0;
			defaultConfigurationName = Release;
		};
		3FDD96CF2DDEBD3B005D2E16 /* Build configuration list for PBXNativeTarget "S4-MAD-ALPTests" */ = {
			isa = XCConfigurationList;
			buildConfigurations = (
				3FDD96D02DDEBD3B005D2E16 /* Debug */,
				3FDD96D12DDEBD3B005D2E16 /* Release */,
			);
			defaultConfigurationIsVisible = 0;
			defaultConfigurationName = Release;
		};
		3FDD96D22DDEBD3B005D2E16 /* Build configuration list for PBXNativeTarget "S4-MAD-ALPUITests" */ = {
			isa = XCConfigurationList;
			buildConfigurations = (
				3FDD96D32DDEBD3B005D2E16 /* Debug */,
				3FDD96D42DDEBD3B005D2E16 /* Release */,
			);
			defaultConfigurationIsVisible = 0;
			defaultConfigurationName = Release;
		};
		54A6B17F2DF4285500930A8F /* Build configuration list for PBXNativeTarget "S4-MAD-ALP-MAC" */ = {
			isa = XCConfigurationList;
			buildConfigurations = (
				54A6B1802DF4285500930A8F /* Debug */,
				54A6B1812DF4285500930A8F /* Release */,
			);
			defaultConfigurationIsVisible = 0;
			defaultConfigurationName = Release;
		};
/* End XCConfigurationList section */

/* Begin XCRemoteSwiftPackageReference section */
		3F86AB132DE959E600294873 /* XCRemoteSwiftPackageReference "firebase-ios-sdk" */ = {
			isa = XCRemoteSwiftPackageReference;
			repositoryURL = "https://github.com/firebase/firebase-ios-sdk";
			requirement = {
				kind = upToNextMajorVersion;
				minimumVersion = 11.13.0;
			};
		};
/* End XCRemoteSwiftPackageReference section */

/* Begin XCSwiftPackageProductDependency section */
		3F86AB142DE959E600294873 /* FirebaseAnalytics */ = {
			isa = XCSwiftPackageProductDependency;
			package = 3F86AB132DE959E600294873 /* XCRemoteSwiftPackageReference "firebase-ios-sdk" */;
			productName = FirebaseAnalytics;
		};
		3F86AB162DE959E600294873 /* FirebaseAppCheck */ = {
			isa = XCSwiftPackageProductDependency;
			package = 3F86AB132DE959E600294873 /* XCRemoteSwiftPackageReference "firebase-ios-sdk" */;
			productName = FirebaseAppCheck;
		};
		3F86AB182DE959E600294873 /* FirebaseAuth */ = {
			isa = XCSwiftPackageProductDependency;
			package = 3F86AB132DE959E600294873 /* XCRemoteSwiftPackageReference "firebase-ios-sdk" */;
			productName = FirebaseAuth;
		};
		3F86AB1A2DE959E600294873 /* FirebaseCore */ = {
			isa = XCSwiftPackageProductDependency;
			package = 3F86AB132DE959E600294873 /* XCRemoteSwiftPackageReference "firebase-ios-sdk" */;
			productName = FirebaseCore;
		};
		3F86AB1C2DE959E600294873 /* FirebaseDatabase */ = {
			isa = XCSwiftPackageProductDependency;
			package = 3F86AB132DE959E600294873 /* XCRemoteSwiftPackageReference "firebase-ios-sdk" */;
			productName = FirebaseDatabase;
		};
		54A6B18B2DF4496800930A8F /* FirebaseCore */ = {
			isa = XCSwiftPackageProductDependency;
			package = 3F86AB132DE959E600294873 /* XCRemoteSwiftPackageReference "firebase-ios-sdk" */;
			productName = FirebaseCore;
		};
		54A6B18D2DF4497100930A8F /* FirebaseDatabase */ = {
			isa = XCSwiftPackageProductDependency;
			package = 3F86AB132DE959E600294873 /* XCRemoteSwiftPackageReference "firebase-ios-sdk" */;
			productName = FirebaseDatabase;
		};
		54A6B18F2DF4498100930A8F /* FirebaseAuth */ = {
			isa = XCSwiftPackageProductDependency;
			package = 3F86AB132DE959E600294873 /* XCRemoteSwiftPackageReference "firebase-ios-sdk" */;
			productName = FirebaseAuth;
		};
/* End XCSwiftPackageProductDependency section */
	};
	rootObject = 3FDD96A02DDEBD3A005D2E16 /* Project object */;
}
